
Microsoft Visual Studio Solution File, Format Version 12.00
# Visual Studio 15
VisualStudioVersion = 15.0.28307.572
MinimumVisualStudioVersion = 10.0.40219.1
Project("{8BC9CEB8-8B4A-11D0-8D11-00A0C91BC942}") = "ED37", "ED37\ED37.vcxproj", "{7A4F4C44-EC2E-4BEE-9754-9A9EF2C3FC1F}"
EndProject
Global
	GlobalSection(SolutionConfigurationPlatforms) = preSolution
		Debug|x64 = Debug|x64
		Debug|x86 = Debug|x86
		Release|x64 = Release|x64
		Release|x86 = Release|x86
	EndGlobalSection
	GlobalSection(ProjectConfigurationPlatforms) = postSolution
		{7A4F4C44-EC2E-4BEE-9754-9A9EF2C3FC1F}.Debug|x64.ActiveCfg = Debug|x64
		{7A4F4C44-EC2E-4BEE-9754-9A9EF2C3FC1F}.Debug|x64.Build.0 = Debug|x64
		{7A4F4C44-EC2E-4BEE-9754-9A9EF2C3FC1F}.Debug|x86.ActiveCfg = Debug|Win32
		{7A4F4C44-EC2E-4BEE-9754-9A9EF2C3FC1F}.Debug|x86.Build.0 = Debug|Win32
		{7A4F4C44-EC2E-4BEE-9754-9A9EF2C3FC1F}.Release|x64.ActiveCfg = Release|x64
		{7A4F4C44-EC2E-4BEE-9754-9A9EF2C3FC1F}.Release|x64.Build.0 = Release|x64
		{7A4F4C44-EC2E-4BEE-9754-9A9EF2C3FC1F}.Release|x86.ActiveCfg = Release|Win32
		{7A4F4C44-EC2E-4BEE-9754-9A9EF2C3FC1F}.Release|x86.Build.0 = Release|Win32
	EndGlobalSection
	GlobalSection(SolutionProperties) = preSolution
		HideSolutionNode = FALSE
	EndGlobalSection
	GlobalSection(ExtensibilityGlobals) = postSolution
		SolutionGuid = {370A4077-B25C-44CD-B3BF-242B34A13156}
	EndGlobalSection
EndGlobal
