
Microsoft Visual Studio Solution File, Format Version 12.00
# Visual Studio 15
VisualStudioVersion = 15.0.28307.572
MinimumVisualStudioVersion = 10.0.40219.1
Project("{8BC9CEB8-8B4A-11D0-8D11-00A0C91BC942}") = "ED70", "ED70\ED70.vcxproj", "{84081DEC-3583-4BC2-B9FE-F320167DB297}"
EndProject
Global
	GlobalSection(SolutionConfigurationPlatforms) = preSolution
		Debug|x64 = Debug|x64
		Debug|x86 = Debug|x86
		Release|x64 = Release|x64
		Release|x86 = Release|x86
	EndGlobalSection
	GlobalSection(ProjectConfigurationPlatforms) = postSolution
		{84081DEC-3583-4BC2-B9FE-F320167DB297}.Debug|x64.ActiveCfg = Debug|x64
		{84081DEC-3583-4BC2-B9FE-F320167DB297}.Debug|x64.Build.0 = Debug|x64
		{84081DEC-3583-4BC2-B9FE-F320167DB297}.Debug|x86.ActiveCfg = Debug|Win32
		{84081DEC-3583-4BC2-B9FE-F320167DB297}.Debug|x86.Build.0 = Debug|Win32
		{84081DEC-3583-4BC2-B9FE-F320167DB297}.Release|x64.ActiveCfg = Release|x64
		{84081DEC-3583-4BC2-B9FE-F320167DB297}.Release|x64.Build.0 = Release|x64
		{84081DEC-3583-4BC2-B9FE-F320167DB297}.Release|x86.ActiveCfg = Release|Win32
		{84081DEC-3583-4BC2-B9FE-F320167DB297}.Release|x86.Build.0 = Release|Win32
	EndGlobalSection
	GlobalSection(SolutionProperties) = preSolution
		HideSolutionNode = FALSE
	EndGlobalSection
	GlobalSection(ExtensibilityGlobals) = postSolution
		SolutionGuid = {69BF6755-5010-4E3A-A370-242D8982CDBA}
	EndGlobalSection
EndGlobal
