
Microsoft Visual Studio Solution File, Format Version 12.00
# Visual Studio 15
VisualStudioVersion = 15.0.28307.572
MinimumVisualStudioVersion = 10.0.40219.1
Project("{8BC9CEB8-8B4A-11D0-8D11-00A0C91BC942}") = "ED72", "ED72\ED72.vcxproj", "{EB96B239-7026-43EC-8556-BBDFB8D2EF00}"
EndProject
Global
	GlobalSection(SolutionConfigurationPlatforms) = preSolution
		Debug|x64 = Debug|x64
		Debug|x86 = Debug|x86
		Release|x64 = Release|x64
		Release|x86 = Release|x86
	EndGlobalSection
	GlobalSection(ProjectConfigurationPlatforms) = postSolution
		{EB96B239-7026-43EC-8556-BBDFB8D2EF00}.Debug|x64.ActiveCfg = Debug|x64
		{EB96B239-7026-43EC-8556-BBDFB8D2EF00}.Debug|x64.Build.0 = Debug|x64
		{EB96B239-7026-43EC-8556-BBDFB8D2EF00}.Debug|x86.ActiveCfg = Debug|Win32
		{EB96B239-7026-43EC-8556-BBDFB8D2EF00}.Debug|x86.Build.0 = Debug|Win32
		{EB96B239-7026-43EC-8556-BBDFB8D2EF00}.Release|x64.ActiveCfg = Release|x64
		{EB96B239-7026-43EC-8556-BBDFB8D2EF00}.Release|x64.Build.0 = Release|x64
		{EB96B239-7026-43EC-8556-BBDFB8D2EF00}.Release|x86.ActiveCfg = Release|Win32
		{EB96B239-7026-43EC-8556-BBDFB8D2EF00}.Release|x86.Build.0 = Release|Win32
	EndGlobalSection
	GlobalSection(SolutionProperties) = preSolution
		HideSolutionNode = FALSE
	EndGlobalSection
	GlobalSection(ExtensibilityGlobals) = postSolution
		SolutionGuid = {25C50FFC-EB60-4DFB-92B1-E55F4D76C2CC}
	EndGlobalSection
EndGlobal
