
Microsoft Visual Studio Solution File, Format Version 12.00
# Visual Studio 15
VisualStudioVersion = 15.0.28307.572
MinimumVisualStudioVersion = 10.0.40219.1
Project("{8BC9CEB8-8B4A-11D0-8D11-00A0C91BC942}") = "EDEXF2", "EDEXF2\EDEXF2.vcxproj", "{AD732CF5-46A7-4796-8A9E-C4295BC564AC}"
EndProject
Global
	GlobalSection(SolutionConfigurationPlatforms) = preSolution
		Debug|x64 = Debug|x64
		Debug|x86 = Debug|x86
		Release|x64 = Release|x64
		Release|x86 = Release|x86
	EndGlobalSection
	GlobalSection(ProjectConfigurationPlatforms) = postSolution
		{AD732CF5-46A7-4796-8A9E-C4295BC564AC}.Debug|x64.ActiveCfg = Debug|x64
		{AD732CF5-46A7-4796-8A9E-C4295BC564AC}.Debug|x64.Build.0 = Debug|x64
		{AD732CF5-46A7-4796-8A9E-C4295BC564AC}.Debug|x86.ActiveCfg = Debug|Win32
		{AD732CF5-46A7-4796-8A9E-C4295BC564AC}.Debug|x86.Build.0 = Debug|Win32
		{AD732CF5-46A7-4796-8A9E-C4295BC564AC}.Release|x64.ActiveCfg = Release|x64
		{AD732CF5-46A7-4796-8A9E-C4295BC564AC}.Release|x64.Build.0 = Release|x64
		{AD732CF5-46A7-4796-8A9E-C4295BC564AC}.Release|x86.ActiveCfg = Release|Win32
		{AD732CF5-46A7-4796-8A9E-C4295BC564AC}.Release|x86.Build.0 = Release|Win32
	EndGlobalSection
	GlobalSection(SolutionProperties) = preSolution
		HideSolutionNode = FALSE
	EndGlobalSection
	GlobalSection(ExtensibilityGlobals) = postSolution
		SolutionGuid = {66494642-A434-4982-A4CB-88C414767119}
	EndGlobalSection
EndGlobal
