
Microsoft Visual Studio Solution File, Format Version 12.00
# Visual Studio 15
VisualStudioVersion = 15.0.28307.438
MinimumVisualStudioVersion = 10.0.40219.1
Project("{8BC9CEB8-8B4A-11D0-8D11-00A0C91BC942}") = "ED16", "ED16\ED16.vcxproj", "{4607FFBF-594A-4E5E-93A1-1E8CDD677EB1}"
EndProject
Global
	GlobalSection(SolutionConfigurationPlatforms) = preSolution
		Debug|x64 = Debug|x64
		Debug|x86 = Debug|x86
		Release|x64 = Release|x64
		Release|x86 = Release|x86
	EndGlobalSection
	GlobalSection(ProjectConfigurationPlatforms) = postSolution
		{4607FFBF-594A-4E5E-93A1-1E8CDD677EB1}.Debug|x64.ActiveCfg = Debug|x64
		{4607FFBF-594A-4E5E-93A1-1E8CDD677EB1}.Debug|x64.Build.0 = Debug|x64
		{4607FFBF-594A-4E5E-93A1-1E8CDD677EB1}.Debug|x86.ActiveCfg = Debug|Win32
		{4607FFBF-594A-4E5E-93A1-1E8CDD677EB1}.Debug|x86.Build.0 = Debug|Win32
		{4607FFBF-594A-4E5E-93A1-1E8CDD677EB1}.Release|x64.ActiveCfg = Release|x64
		{4607FFBF-594A-4E5E-93A1-1E8CDD677EB1}.Release|x64.Build.0 = Release|x64
		{4607FFBF-594A-4E5E-93A1-1E8CDD677EB1}.Release|x86.ActiveCfg = Release|Win32
		{4607FFBF-594A-4E5E-93A1-1E8CDD677EB1}.Release|x86.Build.0 = Release|Win32
	EndGlobalSection
	GlobalSection(SolutionProperties) = preSolution
		HideSolutionNode = FALSE
	EndGlobalSection
	GlobalSection(ExtensibilityGlobals) = postSolution
		SolutionGuid = {6216A0E6-7F56-4879-A8A6-E5092FFBB72C}
	EndGlobalSection
EndGlobal
