
Microsoft Visual Studio Solution File, Format Version 12.00
# Visual Studio 15
VisualStudioVersion = 15.0.28307.438
MinimumVisualStudioVersion = 10.0.40219.1
Project("{8BC9CEB8-8B4A-11D0-8D11-00A0C91BC942}") = "ED20", "ED20\ED20.vcxproj", "{48972AC1-6EE0-4172-8344-292CFB2F268B}"
EndProject
Global
	GlobalSection(SolutionConfigurationPlatforms) = preSolution
		Debug|x64 = Debug|x64
		Debug|x86 = Debug|x86
		Release|x64 = Release|x64
		Release|x86 = Release|x86
	EndGlobalSection
	GlobalSection(ProjectConfigurationPlatforms) = postSolution
		{48972AC1-6EE0-4172-8344-292CFB2F268B}.Debug|x64.ActiveCfg = Debug|x64
		{48972AC1-6EE0-4172-8344-292CFB2F268B}.Debug|x64.Build.0 = Debug|x64
		{48972AC1-6EE0-4172-8344-292CFB2F268B}.Debug|x86.ActiveCfg = Debug|Win32
		{48972AC1-6EE0-4172-8344-292CFB2F268B}.Debug|x86.Build.0 = Debug|Win32
		{48972AC1-6EE0-4172-8344-292CFB2F268B}.Release|x64.ActiveCfg = Release|x64
		{48972AC1-6EE0-4172-8344-292CFB2F268B}.Release|x64.Build.0 = Release|x64
		{48972AC1-6EE0-4172-8344-292CFB2F268B}.Release|x86.ActiveCfg = Release|Win32
		{48972AC1-6EE0-4172-8344-292CFB2F268B}.Release|x86.Build.0 = Release|Win32
	EndGlobalSection
	GlobalSection(SolutionProperties) = preSolution
		HideSolutionNode = FALSE
	EndGlobalSection
	GlobalSection(ExtensibilityGlobals) = postSolution
		SolutionGuid = {EB2E916F-6EEE-4FEF-826A-5811F243DF52}
	EndGlobalSection
EndGlobal
