
Microsoft Visual Studio Solution File, Format Version 12.00
# Visual Studio 15
VisualStudioVersion = 15.0.28307.572
MinimumVisualStudioVersion = 10.0.40219.1
Project("{8BC9CEB8-8B4A-11D0-8D11-00A0C91BC942}") = "TAD2", "TAD2\TAD2.vcxproj", "{7EB9CB4B-C5E0-444C-A332-921CF351C311}"
EndProject
Global
	GlobalSection(SolutionConfigurationPlatforms) = preSolution
		Debug|x64 = Debug|x64
		Debug|x86 = Debug|x86
		Release|x64 = Release|x64
		Release|x86 = Release|x86
	EndGlobalSection
	GlobalSection(ProjectConfigurationPlatforms) = postSolution
		{7EB9CB4B-C5E0-444C-A332-921CF351C311}.Debug|x64.ActiveCfg = Debug|x64
		{7EB9CB4B-C5E0-444C-A332-921CF351C311}.Debug|x64.Build.0 = Debug|x64
		{7EB9CB4B-C5E0-444C-A332-921CF351C311}.Debug|x86.ActiveCfg = Debug|Win32
		{7EB9CB4B-C5E0-444C-A332-921CF351C311}.Debug|x86.Build.0 = Debug|Win32
		{7EB9CB4B-C5E0-444C-A332-921CF351C311}.Release|x64.ActiveCfg = Release|x64
		{7EB9CB4B-C5E0-444C-A332-921CF351C311}.Release|x64.Build.0 = Release|x64
		{7EB9CB4B-C5E0-444C-A332-921CF351C311}.Release|x86.ActiveCfg = Release|Win32
		{7EB9CB4B-C5E0-444C-A332-921CF351C311}.Release|x86.Build.0 = Release|Win32
	EndGlobalSection
	GlobalSection(SolutionProperties) = preSolution
		HideSolutionNode = FALSE
	EndGlobalSection
	GlobalSection(ExtensibilityGlobals) = postSolution
		SolutionGuid = {580E0711-CE77-4B9F-95FA-2F158272E7E6}
	EndGlobalSection
EndGlobal
