
Microsoft Visual Studio Solution File, Format Version 12.00
# Visual Studio 15
VisualStudioVersion = 15.0.28307.572
MinimumVisualStudioVersion = 10.0.40219.1
Project("{8BC9CEB8-8B4A-11D0-8D11-00A0C91BC942}") = "ED32", "ED32\ED32.vcxproj", "{458E3887-901E-4301-B529-5F14FDBADD2C}"
EndProject
Global
	GlobalSection(SolutionConfigurationPlatforms) = preSolution
		Debug|x64 = Debug|x64
		Debug|x86 = Debug|x86
		Release|x64 = Release|x64
		Release|x86 = Release|x86
	EndGlobalSection
	GlobalSection(ProjectConfigurationPlatforms) = postSolution
		{458E3887-901E-4301-B529-5F14FDBADD2C}.Debug|x64.ActiveCfg = Debug|x64
		{458E3887-901E-4301-B529-5F14FDBADD2C}.Debug|x64.Build.0 = Debug|x64
		{458E3887-901E-4301-B529-5F14FDBADD2C}.Debug|x86.ActiveCfg = Debug|Win32
		{458E3887-901E-4301-B529-5F14FDBADD2C}.Debug|x86.Build.0 = Debug|Win32
		{458E3887-901E-4301-B529-5F14FDBADD2C}.Release|x64.ActiveCfg = Release|x64
		{458E3887-901E-4301-B529-5F14FDBADD2C}.Release|x64.Build.0 = Release|x64
		{458E3887-901E-4301-B529-5F14FDBADD2C}.Release|x86.ActiveCfg = Release|Win32
		{458E3887-901E-4301-B529-5F14FDBADD2C}.Release|x86.Build.0 = Release|Win32
	EndGlobalSection
	GlobalSection(SolutionProperties) = preSolution
		HideSolutionNode = FALSE
	EndGlobalSection
	GlobalSection(ExtensibilityGlobals) = postSolution
		SolutionGuid = {16F5FD8B-8C8E-483F-AEEF-2D0717B23830}
	EndGlobalSection
EndGlobal
