
Microsoft Visual Studio Solution File, Format Version 12.00
# Visual Studio 15
VisualStudioVersion = 15.0.28307.572
MinimumVisualStudioVersion = 10.0.40219.1
Project("{8BC9CEB8-8B4A-11D0-8D11-00A0C91BC942}") = "ED13", "ED13\ED13.vcxproj", "{60F1D492-6BC0-48BE-B92E-88017D8CD89C}"
EndProject
Global
	GlobalSection(SolutionConfigurationPlatforms) = preSolution
		Debug|x64 = Debug|x64
		Debug|x86 = Debug|x86
		Release|x64 = Release|x64
		Release|x86 = Release|x86
	EndGlobalSection
	GlobalSection(ProjectConfigurationPlatforms) = postSolution
		{60F1D492-6BC0-48BE-B92E-88017D8CD89C}.Debug|x64.ActiveCfg = Debug|x64
		{60F1D492-6BC0-48BE-B92E-88017D8CD89C}.Debug|x64.Build.0 = Debug|x64
		{60F1D492-6BC0-48BE-B92E-88017D8CD89C}.Debug|x86.ActiveCfg = Debug|Win32
		{60F1D492-6BC0-48BE-B92E-88017D8CD89C}.Debug|x86.Build.0 = Debug|Win32
		{60F1D492-6BC0-48BE-B92E-88017D8CD89C}.Release|x64.ActiveCfg = Release|x64
		{60F1D492-6BC0-48BE-B92E-88017D8CD89C}.Release|x64.Build.0 = Release|x64
		{60F1D492-6BC0-48BE-B92E-88017D8CD89C}.Release|x86.ActiveCfg = Release|Win32
		{60F1D492-6BC0-48BE-B92E-88017D8CD89C}.Release|x86.Build.0 = Release|Win32
	EndGlobalSection
	GlobalSection(SolutionProperties) = preSolution
		HideSolutionNode = FALSE
	EndGlobalSection
	GlobalSection(ExtensibilityGlobals) = postSolution
		SolutionGuid = {911F0B5C-5A2C-4788-B45B-BD5E175B21F9}
	EndGlobalSection
EndGlobal
